
Microsoft Visual Studio Solution File, Format Version 12.00
# Visual Studio 14
VisualStudioVersion = 14.0.23107.0
MinimumVisualStudioVersion = 10.0.40219.1
Project("{FAE04EC0-301F-11D3-BF4B-00C04F79EFBC}") = "TaskVlopper", "TaskVlopper\TaskVlopper.csproj", "{001F0FC7-5658-4CC4-949F-16F8D7B9023A}"
EndProject
Project("{FAE04EC0-301F-11D3-BF4B-00C04F79EFBC}") = "TaskVlopper.Tests", "TaskVlopper.Tests\TaskVlopper.Tests.csproj", "{7F1EACD0-BC45-409C-A810-5FD085D93F1C}"
EndProject
Project("{FAE04EC0-301F-11D3-BF4B-00C04F79EFBC}") = "TaskVlopper.Logic", "TaskVlopper.Logic\TaskVlopper.Logic.csproj", "{57B84B85-A042-448F-88EC-7AC09351D6D9}"
EndProject
Project("{FAE04EC0-301F-11D3-BF4B-00C04F79EFBC}") = "TaskVlopper.Base", "TaskVlopper.Base\TaskVlopper.Base.csproj", "{CF358F66-CD62-4543-8BEE-B9B61238FF20}"
EndProject
Project("{FAE04EC0-301F-11D3-BF4B-00C04F79EFBC}") = "TaskVlopper.Repository", "TaskVlopper.Repository\TaskVlopper.Repository.csproj", "{F7D7424F-00C6-4DEC-9CD5-6132CD5B20A3}"
EndProject
Global
	GlobalSection(SolutionConfigurationPlatforms) = preSolution
		Debug|Any CPU = Debug|Any CPU
		Release|Any CPU = Release|Any CPU
	EndGlobalSection
	GlobalSection(ProjectConfigurationPlatforms) = postSolution
		{001F0FC7-5658-4CC4-949F-16F8D7B9023A}.Debug|Any CPU.ActiveCfg = Debug|Any CPU
		{001F0FC7-5658-4CC4-949F-16F8D7B9023A}.Debug|Any CPU.Build.0 = Debug|Any CPU
		{001F0FC7-5658-4CC4-949F-16F8D7B9023A}.Release|Any CPU.ActiveCfg = Release|Any CPU
		{001F0FC7-5658-4CC4-949F-16F8D7B9023A}.Release|Any CPU.Build.0 = Release|Any CPU
		{7F1EACD0-BC45-409C-A810-5FD085D93F1C}.Debug|Any CPU.ActiveCfg = Debug|Any CPU
		{7F1EACD0-BC45-409C-A810-5FD085D93F1C}.Debug|Any CPU.Build.0 = Debug|Any CPU
		{7F1EACD0-BC45-409C-A810-5FD085D93F1C}.Release|Any CPU.ActiveCfg = Release|Any CPU
		{7F1EACD0-BC45-409C-A810-5FD085D93F1C}.Release|Any CPU.Build.0 = Release|Any CPU
		{57B84B85-A042-448F-88EC-7AC09351D6D9}.Debug|Any CPU.ActiveCfg = Debug|Any CPU
		{57B84B85-A042-448F-88EC-7AC09351D6D9}.Debug|Any CPU.Build.0 = Debug|Any CPU
		{57B84B85-A042-448F-88EC-7AC09351D6D9}.Release|Any CPU.ActiveCfg = Release|Any CPU
		{57B84B85-A042-448F-88EC-7AC09351D6D9}.Release|Any CPU.Build.0 = Release|Any CPU
		{CF358F66-CD62-4543-8BEE-B9B61238FF20}.Debug|Any CPU.ActiveCfg = Debug|Any CPU
		{CF358F66-CD62-4543-8BEE-B9B61238FF20}.Debug|Any CPU.Build.0 = Debug|Any CPU
		{CF358F66-CD62-4543-8BEE-B9B61238FF20}.Release|Any CPU.ActiveCfg = Release|Any CPU
		{CF358F66-CD62-4543-8BEE-B9B61238FF20}.Release|Any CPU.Build.0 = Release|Any CPU
		{F7D7424F-00C6-4DEC-9CD5-6132CD5B20A3}.Debug|Any CPU.ActiveCfg = Debug|Any CPU
		{F7D7424F-00C6-4DEC-9CD5-6132CD5B20A3}.Debug|Any CPU.Build.0 = Debug|Any CPU
		{F7D7424F-00C6-4DEC-9CD5-6132CD5B20A3}.Release|Any CPU.ActiveCfg = Release|Any CPU
		{F7D7424F-00C6-4DEC-9CD5-6132CD5B20A3}.Release|Any CPU.Build.0 = Release|Any CPU
	EndGlobalSection
	GlobalSection(SolutionProperties) = preSolution
		HideSolutionNode = FALSE
	EndGlobalSection
EndGlobal
